// !$*UTF8*$!
{
	archiveVersion = 1;
	classes = {
	};
	objectVersion = 55;
	objects = {

/* Begin PBXBuildFile section */
		F171C38D27841B06005FDFFB /* RegisterNameScreen.swift in Sources */ = {isa = PBXBuildFile; fileRef = F171C38C27841B06005FDFFB /* RegisterNameScreen.swift */; };
		F171C38F27841DD6005FDFFB /* HomeScreenDiscover.swift in Sources */ = {isa = PBXBuildFile; fileRef = F171C38E27841DD6005FDFFB /* HomeScreenDiscover.swift */; };
		F171C394278425FF005FDFFB /* NewPhotoTodayView.swift in Sources */ = {isa = PBXBuildFile; fileRef = F171C393278425FF005FDFFB /* NewPhotoTodayView.swift */; };
		F171C398278439B6005FDFFB /* MainView.swift in Sources */ = {isa = PBXBuildFile; fileRef = F171C397278439B5005FDFFB /* MainView.swift */; };
		F171C39A27843A67005FDFFB /* SearchScreen.swift in Sources */ = {isa = PBXBuildFile; fileRef = F171C39927843A67005FDFFB /* SearchScreen.swift */; };
		F171C39C27843A82005FDFFB /* ProfileScreen.swift in Sources */ = {isa = PBXBuildFile; fileRef = F171C39B27843A82005FDFFB /* ProfileScreen.swift */; };
		F171C39E27843A91005FDFFB /* MessageScreen.swift in Sources */ = {isa = PBXBuildFile; fileRef = F171C39D27843A91005FDFFB /* MessageScreen.swift */; };
		F171C3A027843BD8005FDFFB /* PhotoOpenView.swift in Sources */ = {isa = PBXBuildFile; fileRef = F171C39F27843BD8005FDFFB /* PhotoOpenView.swift */; };
		F171C3A227844562005FDFFB /* Modifiers.swift in Sources */ = {isa = PBXBuildFile; fileRef = F171C3A127844562005FDFFB /* Modifiers.swift */; };
		F171C3A427844F8C005FDFFB /* MessageView.swift in Sources */ = {isa = PBXBuildFile; fileRef = F171C3A327844F8C005FDFFB /* MessageView.swift */; };
		F179C7B027839DE80019E6D9 /* photoApp.swift in Sources */ = {isa = PBXBuildFile; fileRef = F179C7AF27839DE80019E6D9 /* photoApp.swift */; };
		F179C7B227839DE80019E6D9 /* LoggedOutScreen.swift in Sources */ = {isa = PBXBuildFile; fileRef = F179C7B127839DE80019E6D9 /* LoggedOutScreen.swift */; };
		F179C7B427839DE90019E6D9 /* Assets.xcassets in Resources */ = {isa = PBXBuildFile; fileRef = F179C7B327839DE90019E6D9 /* Assets.xcassets */; };
		F179C7B727839DE90019E6D9 /* Preview Assets.xcassets in Resources */ = {isa = PBXBuildFile; fileRef = F179C7B627839DE90019E6D9 /* Preview Assets.xcassets */; };
		F179C7C02783A3EE0019E6D9 /* LoginScreen.swift in Sources */ = {isa = PBXBuildFile; fileRef = F179C7BF2783A3EE0019E6D9 /* LoginScreen.swift */; };
		F179C7C22783A4000019E6D9 /* RegisterScreen.swift in Sources */ = {isa = PBXBuildFile; fileRef = F179C7C12783A4000019E6D9 /* RegisterScreen.swift */; };
		F19360692784EC1800431F5B /* SendMessageView.swift in Sources */ = {isa = PBXBuildFile; fileRef = F19360682784EC1800431F5B /* SendMessageView.swift */; };
/* End PBXBuildFile section */

/* Begin PBXFileReference section */
		F171C38C27841B06005FDFFB /* RegisterNameScreen.swift */ = {isa = PBXFileReference; lastKnownFileType = sourcecode.swift; path = RegisterNameScreen.swift; sourceTree = "<group>"; };
		F171C38E27841DD6005FDFFB /* HomeScreenDiscover.swift */ = {isa = PBXFileReference; lastKnownFileType = sourcecode.swift; path = HomeScreenDiscover.swift; sourceTree = "<group>"; };
		F171C393278425FF005FDFFB /* NewPhotoTodayView.swift */ = {isa = PBXFileReference; lastKnownFileType = sourcecode.swift; path = NewPhotoTodayView.swift; sourceTree = "<group>"; };
		F171C397278439B5005FDFFB /* MainView.swift */ = {isa = PBXFileReference; lastKnownFileType = sourcecode.swift; path = MainView.swift; sourceTree = "<group>"; };
		F171C39927843A67005FDFFB /* SearchScreen.swift */ = {isa = PBXFileReference; lastKnownFileType = sourcecode.swift; path = SearchScreen.swift; sourceTree = "<group>"; };
		F171C39B27843A82005FDFFB /* ProfileScreen.swift */ = {isa = PBXFileReference; lastKnownFileType = sourcecode.swift; path = ProfileScreen.swift; sourceTree = "<group>"; };
		F171C39D27843A91005FDFFB /* MessageScreen.swift */ = {isa = PBXFileReference; lastKnownFileType = sourcecode.swift; path = MessageScreen.swift; sourceTree = "<group>"; };
		F171C39F27843BD8005FDFFB /* PhotoOpenView.swift */ = {isa = PBXFileReference; lastKnownFileType = sourcecode.swift; path = PhotoOpenView.swift; sourceTree = "<group>"; };
		F171C3A127844562005FDFFB /* Modifiers.swift */ = {isa = PBXFileReference; lastKnownFileType = sourcecode.swift; path = Modifiers.swift; sourceTree = "<group>"; };
		F171C3A327844F8C005FDFFB /* MessageView.swift */ = {isa = PBXFileReference; lastKnownFileType = sourcecode.swift; path = MessageView.swift; sourceTree = "<group>"; };
		F179C7AC27839DE80019E6D9 /* photo.app */ = {isa = PBXFileReference; explicitFileType = wrapper.application; includeInIndex = 0; path = photo.app; sourceTree = BUILT_PRODUCTS_DIR; };
		F179C7AF27839DE80019E6D9 /* photoApp.swift */ = {isa = PBXFileReference; lastKnownFileType = sourcecode.swift; path = photoApp.swift; sourceTree = "<group>"; };
		F179C7B127839DE80019E6D9 /* LoggedOutScreen.swift */ = {isa = PBXFileReference; lastKnownFileType = sourcecode.swift; path = LoggedOutScreen.swift; sourceTree = "<group>"; };
		F179C7B327839DE90019E6D9 /* Assets.xcassets */ = {isa = PBXFileReference; lastKnownFileType = folder.assetcatalog; path = Assets.xcassets; sourceTree = "<group>"; };
		F179C7B627839DE90019E6D9 /* Preview Assets.xcassets */ = {isa = PBXFileReference; lastKnownFileType = folder.assetcatalog; path = "Preview Assets.xcassets"; sourceTree = "<group>"; };
		F179C7BF2783A3EE0019E6D9 /* LoginScreen.swift */ = {isa = PBXFileReference; lastKnownFileType = sourcecode.swift; path = LoginScreen.swift; sourceTree = "<group>"; };
		F179C7C12783A4000019E6D9 /* RegisterScreen.swift */ = {isa = PBXFileReference; lastKnownFileType = sourcecode.swift; path = RegisterScreen.swift; sourceTree = "<group>"; };
		F19360682784EC1800431F5B /* SendMessageView.swift */ = {isa = PBXFileReference; lastKnownFileType = sourcecode.swift; path = SendMessageView.swift; sourceTree = "<group>"; };
/* End PBXFileReference section */

/* Begin PBXFrameworksBuildPhase section */
		F179C7A927839DE80019E6D9 /* Frameworks */ = {
			isa = PBXFrameworksBuildPhase;
			buildActionMask = 2147483647;
			files = (
			);
			runOnlyForDeploymentPostprocessing = 0;
		};
/* End PBXFrameworksBuildPhase section */

/* Begin PBXGroup section */
		F171C39227841E9E005FDFFB /* Utils */ = {
			isa = PBXGroup;
			children = (
				F171C3A127844562005FDFFB /* Modifiers.swift */,
			);
			path = Utils;
			sourceTree = "<group>";
		};
		F179C7A327839DE80019E6D9 = {
			isa = PBXGroup;
			children = (
				F179C7AE27839DE80019E6D9 /* Photo */,
				F179C7AD27839DE80019E6D9 /* Products */,
			);
			sourceTree = "<group>";
		};
		F179C7AD27839DE80019E6D9 /* Products */ = {
			isa = PBXGroup;
			children = (
				F179C7AC27839DE80019E6D9 /* photo.app */,
			);
			name = Products;
			sourceTree = "<group>";
		};
		F179C7AE27839DE80019E6D9 /* Photo */ = {
			isa = PBXGroup;
			children = (
				F179C7BE27839E730019E6D9 /* Views */,
				F179C7BD27839E6A0019E6D9 /* Screens */,
				F171C39227841E9E005FDFFB /* Utils */,
				F179C7AF27839DE80019E6D9 /* photoApp.swift */,
				F179C7B327839DE90019E6D9 /* Assets.xcassets */,
				F179C7B527839DE90019E6D9 /* Preview Content */,
			);
			path = Photo;
			sourceTree = "<group>";
		};
		F179C7B527839DE90019E6D9 /* Preview Content */ = {
			isa = PBXGroup;
			children = (
				F179C7B627839DE90019E6D9 /* Preview Assets.xcassets */,
			);
			path = "Preview Content";
			sourceTree = "<group>";
		};
		F179C7BD27839E6A0019E6D9 /* Screens */ = {
			isa = PBXGroup;
			children = (
				F179C7B127839DE80019E6D9 /* LoggedOutScreen.swift */,
				F179C7BF2783A3EE0019E6D9 /* LoginScreen.swift */,
				F179C7C12783A4000019E6D9 /* RegisterScreen.swift */,
				F171C38C27841B06005FDFFB /* RegisterNameScreen.swift */,
				F171C38E27841DD6005FDFFB /* HomeScreenDiscover.swift */,
				F171C397278439B5005FDFFB /* MainView.swift */,
				F171C39927843A67005FDFFB /* SearchScreen.swift */,
				F171C39B27843A82005FDFFB /* ProfileScreen.swift */,
				F171C39D27843A91005FDFFB /* MessageScreen.swift */,
			);
			path = Screens;
			sourceTree = "<group>";
		};
		F179C7BE27839E730019E6D9 /* Views */ = {
			isa = PBXGroup;
			children = (
				F171C393278425FF005FDFFB /* NewPhotoTodayView.swift */,
				F171C39F27843BD8005FDFFB /* PhotoOpenView.swift */,
				F171C3A327844F8C005FDFFB /* MessageView.swift */,
				F19360682784EC1800431F5B /* SendMessageView.swift */,
			);
			path = Views;
			sourceTree = "<group>";
		};
/* End PBXGroup section */

/* Begin PBXNativeTarget section */
		F179C7AB27839DE80019E6D9 /* photo */ = {
			isa = PBXNativeTarget;
			buildConfigurationList = F179C7BA27839DE90019E6D9 /* Build configuration list for PBXNativeTarget "photo" */;
			buildPhases = (
				F179C7A827839DE80019E6D9 /* Sources */,
				F179C7A927839DE80019E6D9 /* Frameworks */,
				F179C7AA27839DE80019E6D9 /* Resources */,
			);
			buildRules = (
			);
			dependencies = (
			);
			name = photo;
			productName = photo;
			productReference = F179C7AC27839DE80019E6D9 /* photo.app */;
			productType = "com.apple.product-type.application";
		};
/* End PBXNativeTarget section */

/* Begin PBXProject section */
		F179C7A427839DE80019E6D9 /* Project object */ = {
			isa = PBXProject;
			attributes = {
				BuildIndependentTargetsInParallel = 1;
				LastSwiftUpdateCheck = 1320;
				LastUpgradeCheck = 1320;
				TargetAttributes = {
					F179C7AB27839DE80019E6D9 = {
						CreatedOnToolsVersion = 13.2.1;
					};
				};
			};
			buildConfigurationList = F179C7A727839DE80019E6D9 /* Build configuration list for PBXProject "photo" */;
			compatibilityVersion = "Xcode 13.0";
			developmentRegion = en;
			hasScannedForEncodings = 0;
			knownRegions = (
				en,
				Base,
			);
			mainGroup = F179C7A327839DE80019E6D9;
			productRefGroup = F179C7AD27839DE80019E6D9 /* Products */;
			projectDirPath = "";
			projectRoot = "";
			targets = (
				F179C7AB27839DE80019E6D9 /* photo */,
			);
		};
/* End PBXProject section */

/* Begin PBXResourcesBuildPhase section */
		F179C7AA27839DE80019E6D9 /* Resources */ = {
			isa = PBXResourcesBuildPhase;
			buildActionMask = 2147483647;
			files = (
				F179C7B727839DE90019E6D9 /* Preview Assets.xcassets in Resources */,
				F179C7B427839DE90019E6D9 /* Assets.xcassets in Resources */,
			);
			runOnlyForDeploymentPostprocessing = 0;
		};
/* End PBXResourcesBuildPhase section */

/* Begin PBXSourcesBuildPhase section */
		F179C7A827839DE80019E6D9 /* Sources */ = {
			isa = PBXSourcesBuildPhase;
			buildActionMask = 2147483647;
			files = (
				F179C7C22783A4000019E6D9 /* RegisterScreen.swift in Sources */,
				F171C39A27843A67005FDFFB /* SearchScreen.swift in Sources */,
				F171C398278439B6005FDFFB /* MainView.swift in Sources */,
				F171C39E27843A91005FDFFB /* MessageScreen.swift in Sources */,
				F171C3A027843BD8005FDFFB /* PhotoOpenView.swift in Sources */,
				F171C39C27843A82005FDFFB /* ProfileScreen.swift in Sources */,
				F171C394278425FF005FDFFB /* NewPhotoTodayView.swift in Sources */,
				F171C38F27841DD6005FDFFB /* HomeScreenDiscover.swift in Sources */,
				F179C7B227839DE80019E6D9 /* LoggedOutScreen.swift in Sources */,
				F179C7B027839DE80019E6D9 /* photoApp.swift in Sources */,
				F19360692784EC1800431F5B /* SendMessageView.swift in Sources */,
				F171C3A227844562005FDFFB /* Modifiers.swift in Sources */,
				F171C38D27841B06005FDFFB /* RegisterNameScreen.swift in Sources */,
				F171C3A427844F8C005FDFFB /* MessageView.swift in Sources */,
				F179C7C02783A3EE0019E6D9 /* LoginScreen.swift in Sources */,
			);
			runOnlyForDeploymentPostprocessing = 0;
		};
/* End PBXSourcesBuildPhase section */

/* Begin XCBuildConfiguration section */
		F179C7B827839DE90019E6D9 /* Debug */ = {
			isa = XCBuildConfiguration;
			buildSettings = {
				ALWAYS_SEARCH_USER_PATHS = NO;
				CLANG_ANALYZER_NONNULL = YES;
				CLANG_ANALYZER_NUMBER_OBJECT_CONVERSION = YES_AGGRESSIVE;
				CLANG_CXX_LANGUAGE_STANDARD = "gnu++17";
				CLANG_CXX_LIBRARY = "libc++";
				CLANG_ENABLE_MODULES = YES;
				CLANG_ENABLE_OBJC_ARC = YES;
				CLANG_ENABLE_OBJC_WEAK = YES;
				CLANG_WARN_BLOCK_CAPTURE_AUTORELEASING = YES;
				CLANG_WARN_BOOL_CONVERSION = YES;
				CLANG_WARN_COMMA = YES;
				CLANG_WARN_CONSTANT_CONVERSION = YES;
				CLANG_WARN_DEPRECATED_OBJC_IMPLEMENTATIONS = YES;
				CLANG_WARN_DIRECT_OBJC_ISA_USAGE = YES_ERROR;
				CLANG_WARN_DOCUMENTATION_COMMENTS = YES;
				CLANG_WARN_EMPTY_BODY = YES;
				CLANG_WARN_ENUM_CONVERSION = YES;
				CLANG_WARN_INFINITE_RECURSION = YES;
				CLANG_WARN_INT_CONVERSION = YES;
				CLANG_WARN_NON_LITERAL_NULL_CONVERSION = YES;
				CLANG_WARN_OBJC_IMPLICIT_RETAIN_SELF = YES;
				CLANG_WARN_OBJC_LITERAL_CONVERSION = YES;
				CLANG_WARN_OBJC_ROOT_CLASS = YES_ERROR;
				CLANG_WARN_QUOTED_INCLUDE_IN_FRAMEWORK_HEADER = YES;
				CLANG_WARN_RANGE_LOOP_ANALYSIS = YES;
				CLANG_WARN_STRICT_PROTOTYPES = YES;
				CLANG_WARN_SUSPICIOUS_MOVE = YES;
				CLANG_WARN_UNGUARDED_AVAILABILITY = YES_AGGRESSIVE;
				CLANG_WARN_UNREACHABLE_CODE = YES;
				CLANG_WARN__DUPLICATE_METHOD_MATCH = YES;
				COPY_PHASE_STRIP = NO;
				DEBUG_INFORMATION_FORMAT = dwarf;
				ENABLE_STRICT_OBJC_MSGSEND = YES;
				ENABLE_TESTABILITY = YES;
				GCC_C_LANGUAGE_STANDARD = gnu11;
				GCC_DYNAMIC_NO_PIC = NO;
				GCC_NO_COMMON_BLOCKS = YES;
				GCC_OPTIMIZATION_LEVEL = 0;
				GCC_PREPROCESSOR_DEFINITIONS = (
					"DEBUG=1",
					"$(inherited)",
				);
				GCC_WARN_64_TO_32_BIT_CONVERSION = YES;
				GCC_WARN_ABOUT_RETURN_TYPE = YES_ERROR;
				GCC_WARN_UNDECLARED_SELECTOR = YES;
				GCC_WARN_UNINITIALIZED_AUTOS = YES_AGGRESSIVE;
				GCC_WARN_UNUSED_FUNCTION = YES;
				GCC_WARN_UNUSED_VARIABLE = YES;
				IPHONEOS_DEPLOYMENT_TARGET = 15.2;
				MTL_ENABLE_DEBUG_INFO = INCLUDE_SOURCE;
				MTL_FAST_MATH = YES;
				ONLY_ACTIVE_ARCH = YES;
				SDKROOT = iphoneos;
				SWIFT_ACTIVE_COMPILATION_CONDITIONS = DEBUG;
				SWIFT_OPTIMIZATION_LEVEL = "-Onone";
			};
			name = Debug;
		};
		F179C7B927839DE90019E6D9 /* Release */ = {
			isa = XCBuildConfiguration;
			buildSettings = {
				ALWAYS_SEARCH_USER_PATHS = NO;
				CLANG_ANALYZER_NONNULL = YES;
				CLANG_ANALYZER_NUMBER_OBJECT_CONVERSION = YES_AGGRESSIVE;
				CLANG_CXX_LANGUAGE_STANDARD = "gnu++17";
				CLANG_CXX_LIBRARY = "libc++";
				CLANG_ENABLE_MODULES = YES;
				CLANG_ENABLE_OBJC_ARC = YES;
				CLANG_ENABLE_OBJC_WEAK = YES;
				CLANG_WARN_BLOCK_CAPTURE_AUTORELEASING = YES;
				CLANG_WARN_BOOL_CONVERSION = YES;
				CLANG_WARN_COMMA = YES;
				CLANG_WARN_CONSTANT_CONVERSION = YES;
				CLANG_WARN_DEPRECATED_OBJC_IMPLEMENTATIONS = YES;
				CLANG_WARN_DIRECT_OBJC_ISA_USAGE = YES_ERROR;
				CLANG_WARN_DOCUMENTATION_COMMENTS = YES;
				CLANG_WARN_EMPTY_BODY = YES;
				CLANG_WARN_ENUM_CONVERSION = YES;
				CLANG_WARN_INFINITE_RECURSION = YES;
				CLANG_WARN_INT_CONVERSION = YES;
				CLANG_WARN_NON_LITERAL_NULL_CONVERSION = YES;
				CLANG_WARN_OBJC_IMPLICIT_RETAIN_SELF = YES;
				CLANG_WARN_OBJC_LITERAL_CONVERSION = YES;
				CLANG_WARN_OBJC_ROOT_CLASS = YES_ERROR;
				CLANG_WARN_QUOTED_INCLUDE_IN_FRAMEWORK_HEADER = YES;
				CLANG_WARN_RANGE_LOOP_ANALYSIS = YES;
				CLANG_WARN_STRICT_PROTOTYPES = YES;
				CLANG_WARN_SUSPICIOUS_MOVE = YES;
				CLANG_WARN_UNGUARDED_AVAILABILITY = YES_AGGRESSIVE;
				CLANG_WARN_UNREACHABLE_CODE = YES;
				CLANG_WARN__DUPLICATE_METHOD_MATCH = YES;
				COPY_PHASE_STRIP = NO;
				DEBUG_INFORMATION_FORMAT = "dwarf-with-dsym";
				ENABLE_NS_ASSERTIONS = NO;
				ENABLE_STRICT_OBJC_MSGSEND = YES;
				GCC_C_LANGUAGE_STANDARD = gnu11;
				GCC_NO_COMMON_BLOCKS = YES;
				GCC_WARN_64_TO_32_BIT_CONVERSION = YES;
				GCC_WARN_ABOUT_RETURN_TYPE = YES_ERROR;
				GCC_WARN_UNDECLARED_SELECTOR = YES;
				GCC_WARN_UNINITIALIZED_AUTOS = YES_AGGRESSIVE;
				GCC_WARN_UNUSED_FUNCTION = YES;
				GCC_WARN_UNUSED_VARIABLE = YES;
				IPHONEOS_DEPLOYMENT_TARGET = 15.2;
				MTL_ENABLE_DEBUG_INFO = NO;
				MTL_FAST_MATH = YES;
				SDKROOT = iphoneos;
				SWIFT_COMPILATION_MODE = wholemodule;
				SWIFT_OPTIMIZATION_LEVEL = "-O";
				VALIDATE_PRODUCT = YES;
			};
			name = Release;
		};
		F179C7BB27839DE90019E6D9 /* Debug */ = {
			isa = XCBuildConfiguration;
			buildSettings = {
				ASSETCATALOG_COMPILER_APPICON_NAME = AppIcon;
				ASSETCATALOG_COMPILER_GLOBAL_ACCENT_COLOR_NAME = AccentColor;
				CODE_SIGN_STYLE = Automatic;
				CURRENT_PROJECT_VERSION = 1;
				DEVELOPMENT_ASSET_PATHS = "\"photo/Preview Content\"";
				ENABLE_PREVIEWS = YES;
				GENERATE_INFOPLIST_FILE = YES;
				INFOPLIST_KEY_UIApplicationSceneManifest_Generation = YES;
				INFOPLIST_KEY_UIApplicationSupportsIndirectInputEvents = YES;
				INFOPLIST_KEY_UILaunchScreen_Generation = YES;
				INFOPLIST_KEY_UISupportedInterfaceOrientations_iPad = "UIInterfaceOrientationPortrait UIInterfaceOrientationPortraitUpsideDown UIInterfaceOrientationLandscapeLeft UIInterfaceOrientationLandscapeRight";
				INFOPLIST_KEY_UISupportedInterfaceOrientations_iPhone = "UIInterfaceOrientationPortrait UIInterfaceOrientationLandscapeLeft UIInterfaceOrientationLandscapeRight";
				LD_RUNPATH_SEARCH_PATHS = (
					"$(inherited)",
					"@executable_path/Frameworks",
				);
				MARKETING_VERSION = 1.0;
				PRODUCT_BUNDLE_IDENTIFIER = com.bersyte.photo;
				PRODUCT_NAME = "$(TARGET_NAME)";
				SWIFT_EMIT_LOC_STRINGS = YES;
				SWIFT_VERSION = 5.0;
				TARGETED_DEVICE_FAMILY = "1,2";
			};
			name = Debug;
		};
		F179C7BC27839DE90019E6D9 /* Release */ = {
			isa = XCBuildConfiguration;
			buildSettings = {
				ASSETCATALOG_COMPILER_APPICON_NAME = AppIcon;
				ASSETCATALOG_COMPILER_GLOBAL_ACCENT_COLOR_NAME = AccentColor;
				CODE_SIGN_STYLE = Automatic;
				CURRENT_PROJECT_VERSION = 1;
				DEVELOPMENT_ASSET_PATHS = "\"photo/Preview Content\"";
				ENABLE_PREVIEWS = YES;
				GENERATE_INFOPLIST_FILE = YES;
				INFOPLIST_KEY_UIApplicationSceneManifest_Generation = YES;
				INFOPLIST_KEY_UIApplicationSupportsIndirectInputEvents = YES;
				INFOPLIST_KEY_UILaunchScreen_Generation = YES;
				INFOPLIST_KEY_UISupportedInterfaceOrientations_iPad = "UIInterfaceOrientationPortrait UIInterfaceOrientationPortraitUpsideDown UIInterfaceOrientationLandscapeLeft UIInterfaceOrientationLandscapeRight";
				INFOPLIST_KEY_UISupportedInterfaceOrientations_iPhone = "UIInterfaceOrientationPortrait UIInterfaceOrientationLandscapeLeft UIInterfaceOrientationLandscapeRight";
				LD_RUNPATH_SEARCH_PATHS = (
					"$(inherited)",
					"@executable_path/Frameworks",
				);
				MARKETING_VERSION = 1.0;
				PRODUCT_BUNDLE_IDENTIFIER = com.bersyte.photo;
				PRODUCT_NAME = "$(TARGET_NAME)";
				SWIFT_EMIT_LOC_STRINGS = YES;
				SWIFT_VERSION = 5.0;
				TARGETED_DEVICE_FAMILY = "1,2";
			};
			name = Release;
		};
/* End XCBuildConfiguration section */

/* Begin XCConfigurationList section */
		F179C7A727839DE80019E6D9 /* Build configuration list for PBXProject "photo" */ = {
			isa = XCConfigurationList;
			buildConfigurations = (
				F179C7B827839DE90019E6D9 /* Debug */,
				F179C7B927839DE90019E6D9 /* Release */,
			);
			defaultConfigurationIsVisible = 0;
			defaultConfigurationName = Release;
		};
		F179C7BA27839DE90019E6D9 /* Build configuration list for PBXNativeTarget "photo" */ = {
			isa = XCConfigurationList;
			buildConfigurations = (
				F179C7BB27839DE90019E6D9 /* Debug */,
				F179C7BC27839DE90019E6D9 /* Release */,
			);
			defaultConfigurationIsVisible = 0;
			defaultConfigurationName = Release;
		};
/* End XCConfigurationList section */
	};
	rootObject = F179C7A427839DE80019E6D9 /* Project object */;
}
